
Microsoft Visual Studio Solution File, Format Version 12.00
# Visual Studio 15
VisualStudioVersion = 15.0.28010.2019
MinimumVisualStudioVersion = 10.0.40219.1
Project("{FAE04EC0-301F-11D3-BF4B-00C04F79EFBC}") = "HelloKitties", "HelloKitties\HelloKitties.csproj", "{C504867F-E347-4584-9201-7D7A5DFD8AA4}"
EndProject
Global
	GlobalSection(SolutionConfigurationPlatforms) = preSolution
		Debug|Any CPU = Debug|Any CPU
		Release|Any CPU = Release|Any CPU
	EndGlobalSection
	GlobalSection(ProjectConfigurationPlatforms) = postSolution
		{C504867F-E347-4584-9201-7D7A5DFD8AA4}.Debug|Any CPU.ActiveCfg = Debug|Any CPU
		{C504867F-E347-4584-9201-7D7A5DFD8AA4}.Debug|Any CPU.Build.0 = Debug|Any CPU
		{C504867F-E347-4584-9201-7D7A5DFD8AA4}.Release|Any CPU.ActiveCfg = Release|Any CPU
		{C504867F-E347-4584-9201-7D7A5DFD8AA4}.Release|Any CPU.Build.0 = Release|Any CPU
	EndGlobalSection
	GlobalSection(SolutionProperties) = preSolution
		HideSolutionNode = FALSE
	EndGlobalSection
	GlobalSection(ExtensibilityGlobals) = postSolution
		SolutionGuid = {A0099F7C-9CF0-4AB8-BD9D-5670ADBDC7F3}
	EndGlobalSection
EndGlobal
